
Microsoft Visual Studio Solution File, Format Version 12.00
# Visual Studio Version 16
VisualStudioVersion = 16.0.29926.136
MinimumVisualStudioVersion = 10.0.40219.1
Project("{FAE04EC0-301F-11D3-BF4B-00C04F79EFBC}") = "MateoApp", "MateoApp\MateoApp.csproj", "{6ACF5BA4-396A-4BFF-BAB7-651D55C7E532}"
EndProject
Project("{FAE04EC0-301F-11D3-BF4B-00C04F79EFBC}") = "Mateo.Math.Managers", "Matheo.Math.Managers\Mateo.Math.Managers.csproj", "{330A9084-494B-4753-926D-DB53D5D3130A}"
EndProject
Project("{FAE04EC0-301F-11D3-BF4B-00C04F79EFBC}") = "Mateo.Math.Managers.Tests", "Mateo.Math.Managers.Tests\Mateo.Math.Managers.Tests.csproj", "{F841E124-34D6-4EF0-82E4-309E4C04516D}"
EndProject
Global
	GlobalSection(SolutionConfigurationPlatforms) = preSolution
		Debug|Any CPU = Debug|Any CPU
		Release|Any CPU = Release|Any CPU
	EndGlobalSection
	GlobalSection(ProjectConfigurationPlatforms) = postSolution
		{6ACF5BA4-396A-4BFF-BAB7-651D55C7E532}.Debug|Any CPU.ActiveCfg = Debug|Any CPU
		{6ACF5BA4-396A-4BFF-BAB7-651D55C7E532}.Debug|Any CPU.Build.0 = Debug|Any CPU
		{6ACF5BA4-396A-4BFF-BAB7-651D55C7E532}.Release|Any CPU.ActiveCfg = Release|Any CPU
		{6ACF5BA4-396A-4BFF-BAB7-651D55C7E532}.Release|Any CPU.Build.0 = Release|Any CPU
		{330A9084-494B-4753-926D-DB53D5D3130A}.Debug|Any CPU.ActiveCfg = Debug|Any CPU
		{330A9084-494B-4753-926D-DB53D5D3130A}.Debug|Any CPU.Build.0 = Debug|Any CPU
		{330A9084-494B-4753-926D-DB53D5D3130A}.Release|Any CPU.ActiveCfg = Release|Any CPU
		{330A9084-494B-4753-926D-DB53D5D3130A}.Release|Any CPU.Build.0 = Release|Any CPU
		{F841E124-34D6-4EF0-82E4-309E4C04516D}.Debug|Any CPU.ActiveCfg = Debug|Any CPU
		{F841E124-34D6-4EF0-82E4-309E4C04516D}.Debug|Any CPU.Build.0 = Debug|Any CPU
		{F841E124-34D6-4EF0-82E4-309E4C04516D}.Release|Any CPU.ActiveCfg = Release|Any CPU
		{F841E124-34D6-4EF0-82E4-309E4C04516D}.Release|Any CPU.Build.0 = Release|Any CPU
	EndGlobalSection
	GlobalSection(SolutionProperties) = preSolution
		HideSolutionNode = FALSE
	EndGlobalSection
	GlobalSection(ExtensibilityGlobals) = postSolution
		SolutionGuid = {807A9A3D-7C9F-42E5-AAAB-37227A85EDB2}
	EndGlobalSection
EndGlobal
